// !$*UTF8*$!
{
	archiveVersion = 1;
	classes = {
	};
	objectVersion = 46;
	objects = {

/* Begin PBXBuildFile section */
		64AE57101DE1796F00078032 /* View.swift in Sources */ = {isa = PBXBuildFile; fileRef = 64AE570F1DE1796F00078032 /* View.swift */; };
		833C2C211BE3179B0042C628 /* TextField.swift in Sources */ = {isa = PBXBuildFile; fileRef = 833C2C201BE3179B0042C628 /* TextField.swift */; };
		833C2C221BE31C040042C628 /* KGNAutoLayout.framework in Frameworks */ = {isa = PBXBuildFile; fileRef = 83E06D181BDDC30D001C01CF /* KGNAutoLayout.framework */; };
		833C2C231BE31C040042C628 /* KGNColor.framework in Frameworks */ = {isa = PBXBuildFile; fileRef = 83E06D191BDDC30D001C01CF /* KGNColor.framework */; };
		833C2C241BE31C040042C628 /* KGNGradientView.framework in Frameworks */ = {isa = PBXBuildFile; fileRef = 83E06D1A1BDDC30D001C01CF /* KGNGradientView.framework */; };
		833C2C251BE31C040042C628 /* KGNPreferredFontManager.framework in Frameworks */ = {isa = PBXBuildFile; fileRef = 83E06D1B1BDDC30E001C01CF /* KGNPreferredFontManager.framework */; };
		833C2C261BE31C040042C628 /* NSDateTimeAgo.framework in Frameworks */ = {isa = PBXBuildFile; fileRef = 83E06D1C1BDDC30E001C01CF /* NSDateTimeAgo.framework */; };
		836E699B1BCCD3B40089EAB1 /* KGNUserInterface.h in Headers */ = {isa = PBXBuildFile; fileRef = 836E699A1BCCD3B40089EAB1 /* KGNUserInterface.h */; settings = {ATTRIBUTES = (Public, ); }; };
		836E69A21BCCD3B40089EAB1 /* KGNUserInterface.framework in Frameworks */ = {isa = PBXBuildFile; fileRef = 836E69971BCCD3B40089EAB1 /* KGNUserInterface.framework */; };
		836E69A71BCCD3B40089EAB1 /* KGNUserInterfaceTests.swift in Sources */ = {isa = PBXBuildFile; fileRef = 836E69A61BCCD3B40089EAB1 /* KGNUserInterfaceTests.swift */; };
		8399B23A1BEE49F200C9E1B3 /* UIView+Snapshot.swift in Sources */ = {isa = PBXBuildFile; fileRef = 8399B2391BEE49F200C9E1B3 /* UIView+Snapshot.swift */; };
		839F08BB1C4C9C3400617E36 /* KGNUserInterface.framework in Embed Frameworks */ = {isa = PBXBuildFile; fileRef = 836E69971BCCD3B40089EAB1 /* KGNUserInterface.framework */; settings = {ATTRIBUTES = (CodeSignOnCopy, RemoveHeadersOnCopy, ); }; };
		83BB081A1BE7A38500D4173B /* GradientViewController.swift in Sources */ = {isa = PBXBuildFile; fileRef = 83BB08181BE7A38500D4173B /* GradientViewController.swift */; };
		83BB081B1BE7A38500D4173B /* TitleBarView.swift in Sources */ = {isa = PBXBuildFile; fileRef = 83BB08191BE7A38500D4173B /* TitleBarView.swift */; };
		83C5DF7C1BF5CA9F00A97524 /* ImageView.swift in Sources */ = {isa = PBXBuildFile; fileRef = 83C5DF7B1BF5CA9E00A97524 /* ImageView.swift */; };
		83C9C8841C5B4DE000E416D7 /* ReusableCell.swift in Sources */ = {isa = PBXBuildFile; fileRef = 83C9C8831C5B4DE000E416D7 /* ReusableCell.swift */; };
		83CD8D081C4C97C9006C2852 /* AppDelegate.swift in Sources */ = {isa = PBXBuildFile; fileRef = 83CD8D041C4C97C9006C2852 /* AppDelegate.swift */; };
		83CD8D0A1C4C97C9006C2852 /* Launch Screen.storyboard in Resources */ = {isa = PBXBuildFile; fileRef = 83CD8D061C4C97C9006C2852 /* Launch Screen.storyboard */; };
		83CD8D0B1C4C97C9006C2852 /* TextFieldViewController.swift in Sources */ = {isa = PBXBuildFile; fileRef = 83CD8D071C4C97C9006C2852 /* TextFieldViewController.swift */; };
		83DC54211C4C4F1D00CF23A9 /* KGNAutoLayout.framework in Copy Frameworks */ = {isa = PBXBuildFile; fileRef = 83E06D181BDDC30D001C01CF /* KGNAutoLayout.framework */; settings = {ATTRIBUTES = (CodeSignOnCopy, RemoveHeadersOnCopy, ); }; };
		83DC54221C4C4F1D00CF23A9 /* KGNColor.framework in Copy Frameworks */ = {isa = PBXBuildFile; fileRef = 83E06D191BDDC30D001C01CF /* KGNColor.framework */; settings = {ATTRIBUTES = (CodeSignOnCopy, RemoveHeadersOnCopy, ); }; };
		83DC54231C4C4F1D00CF23A9 /* KGNGradientView.framework in Copy Frameworks */ = {isa = PBXBuildFile; fileRef = 83E06D1A1BDDC30D001C01CF /* KGNGradientView.framework */; settings = {ATTRIBUTES = (CodeSignOnCopy, RemoveHeadersOnCopy, ); }; };
		83DC54241C4C4F1D00CF23A9 /* KGNPreferredFontManager.framework in Copy Frameworks */ = {isa = PBXBuildFile; fileRef = 83E06D1B1BDDC30E001C01CF /* KGNPreferredFontManager.framework */; settings = {ATTRIBUTES = (CodeSignOnCopy, RemoveHeadersOnCopy, ); }; };
		83DC54251C4C4F1D00CF23A9 /* NSDateTimeAgo.framework in Copy Frameworks */ = {isa = PBXBuildFile; fileRef = 83E06D1C1BDDC30E001C01CF /* NSDateTimeAgo.framework */; settings = {ATTRIBUTES = (CodeSignOnCopy, RemoveHeadersOnCopy, ); }; };
		83DC543E1C4C7E9F00CF23A9 /* KGNUserInterface.framework in Frameworks */ = {isa = PBXBuildFile; fileRef = 836E69971BCCD3B40089EAB1 /* KGNUserInterface.framework */; };
		83DC543F1C4C7EA300CF23A9 /* KGNAutoLayout.framework in Frameworks */ = {isa = PBXBuildFile; fileRef = 83E06D181BDDC30D001C01CF /* KGNAutoLayout.framework */; };
		83DC54401C4C7EA300CF23A9 /* KGNColor.framework in Frameworks */ = {isa = PBXBuildFile; fileRef = 83E06D191BDDC30D001C01CF /* KGNColor.framework */; };
		83DC54411C4C7EA300CF23A9 /* KGNGradientView.framework in Frameworks */ = {isa = PBXBuildFile; fileRef = 83E06D1A1BDDC30D001C01CF /* KGNGradientView.framework */; };
		83DC54421C4C7EA300CF23A9 /* KGNPreferredFontManager.framework in Frameworks */ = {isa = PBXBuildFile; fileRef = 83E06D1B1BDDC30E001C01CF /* KGNPreferredFontManager.framework */; };
		83DC54431C4C7EA300CF23A9 /* NSDateTimeAgo.framework in Frameworks */ = {isa = PBXBuildFile; fileRef = 83E06D1C1BDDC30E001C01CF /* NSDateTimeAgo.framework */; };
		83E06D111BDDC0E8001C01CF /* UIViewController+Extension.swift in Sources */ = {isa = PBXBuildFile; fileRef = 83E06D0F1BDDC0E8001C01CF /* UIViewController+Extension.swift */; };
		83E06D131BDDC151001C01CF /* Style.swift in Sources */ = {isa = PBXBuildFile; fileRef = 83E06D121BDDC151001C01CF /* Style.swift */; };
		83E06D161BDDC1F7001C01CF /* Button.swift in Sources */ = {isa = PBXBuildFile; fileRef = 83E06D141BDDC1F7001C01CF /* Button.swift */; };
		83E06D171BDDC1F7001C01CF /* Label.swift in Sources */ = {isa = PBXBuildFile; fileRef = 83E06D151BDDC1F7001C01CF /* Label.swift */; };
		83E06D1D1BDDC30E001C01CF /* KGNAutoLayout.framework in Frameworks */ = {isa = PBXBuildFile; fileRef = 83E06D181BDDC30D001C01CF /* KGNAutoLayout.framework */; };
		83E06D1E1BDDC30E001C01CF /* KGNColor.framework in Frameworks */ = {isa = PBXBuildFile; fileRef = 83E06D191BDDC30D001C01CF /* KGNColor.framework */; };
		83E06D1F1BDDC30E001C01CF /* KGNGradientView.framework in Frameworks */ = {isa = PBXBuildFile; fileRef = 83E06D1A1BDDC30D001C01CF /* KGNGradientView.framework */; };
		83E06D201BDDC30E001C01CF /* KGNPreferredFontManager.framework in Frameworks */ = {isa = PBXBuildFile; fileRef = 83E06D1B1BDDC30E001C01CF /* KGNPreferredFontManager.framework */; };
		83E06D211BDDC30E001C01CF /* NSDateTimeAgo.framework in Frameworks */ = {isa = PBXBuildFile; fileRef = 83E06D1C1BDDC30E001C01CF /* NSDateTimeAgo.framework */; };
/* End PBXBuildFile section */

/* Begin PBXContainerItemProxy section */
		836E69A31BCCD3B40089EAB1 /* PBXContainerItemProxy */ = {
			isa = PBXContainerItemProxy;
			containerPortal = 836E698E1BCCD3B30089EAB1 /* Project object */;
			proxyType = 1;
			remoteGlobalIDString = 836E69961BCCD3B40089EAB1;
			remoteInfo = KGNUserInterface;
		};
		83DC543C1C4C7E9800CF23A9 /* PBXContainerItemProxy */ = {
			isa = PBXContainerItemProxy;
			containerPortal = 836E698E1BCCD3B30089EAB1 /* Project object */;
			proxyType = 1;
			remoteGlobalIDString = 836E69961BCCD3B40089EAB1;
			remoteInfo = KGNUserInterface;
		};
/* End PBXContainerItemProxy section */

/* Begin PBXCopyFilesBuildPhase section */
		839F08B51C4C9C1C00617E36 /* Embed Frameworks */ = {
			isa = PBXCopyFilesBuildPhase;
			buildActionMask = 2147483647;
			dstPath = "";
			dstSubfolderSpec = 10;
			files = (
				839F08BB1C4C9C3400617E36 /* KGNUserInterface.framework in Embed Frameworks */,
			);
			name = "Embed Frameworks";
			runOnlyForDeploymentPostprocessing = 0;
		};
		83DC54201C4C4F0E00CF23A9 /* Copy Frameworks */ = {
			isa = PBXCopyFilesBuildPhase;
			buildActionMask = 2147483647;
			dstPath = "";
			dstSubfolderSpec = 10;
			files = (
				83DC54211C4C4F1D00CF23A9 /* KGNAutoLayout.framework in Copy Frameworks */,
				83DC54221C4C4F1D00CF23A9 /* KGNColor.framework in Copy Frameworks */,
				83DC54231C4C4F1D00CF23A9 /* KGNGradientView.framework in Copy Frameworks */,
				83DC54241C4C4F1D00CF23A9 /* KGNPreferredFontManager.framework in Copy Frameworks */,
				83DC54251C4C4F1D00CF23A9 /* NSDateTimeAgo.framework in Copy Frameworks */,
			);
			name = "Copy Frameworks";
			runOnlyForDeploymentPostprocessing = 0;
		};
/* End PBXCopyFilesBuildPhase section */

/* Begin PBXFileReference section */
		6460BC7F1D872ECF001B8720 /* .travis.yml */ = {isa = PBXFileReference; lastKnownFileType = text; path = .travis.yml; sourceTree = "<group>"; };
		64AE570F1DE1796F00078032 /* View.swift */ = {isa = PBXFileReference; fileEncoding = 4; lastKnownFileType = sourcecode.swift; path = View.swift; sourceTree = "<group>"; };
		833C2C201BE3179B0042C628 /* TextField.swift */ = {isa = PBXFileReference; fileEncoding = 4; lastKnownFileType = sourcecode.swift; path = TextField.swift; sourceTree = "<group>"; };
		836E69971BCCD3B40089EAB1 /* KGNUserInterface.framework */ = {isa = PBXFileReference; explicitFileType = wrapper.framework; includeInIndex = 0; path = KGNUserInterface.framework; sourceTree = BUILT_PRODUCTS_DIR; };
		836E699A1BCCD3B40089EAB1 /* KGNUserInterface.h */ = {isa = PBXFileReference; lastKnownFileType = sourcecode.c.h; path = KGNUserInterface.h; sourceTree = "<group>"; };
		836E699C1BCCD3B40089EAB1 /* Info.plist */ = {isa = PBXFileReference; lastKnownFileType = text.plist.xml; path = Info.plist; sourceTree = "<group>"; };
		836E69A11BCCD3B40089EAB1 /* KGNUserInterfaceTests.xctest */ = {isa = PBXFileReference; explicitFileType = wrapper.cfbundle; includeInIndex = 0; path = KGNUserInterfaceTests.xctest; sourceTree = BUILT_PRODUCTS_DIR; };
		836E69A61BCCD3B40089EAB1 /* KGNUserInterfaceTests.swift */ = {isa = PBXFileReference; lastKnownFileType = sourcecode.swift; path = KGNUserInterfaceTests.swift; sourceTree = "<group>"; };
		836E69A81BCCD3B40089EAB1 /* Info.plist */ = {isa = PBXFileReference; lastKnownFileType = text.plist.xml; path = Info.plist; sourceTree = "<group>"; };
		8399B2391BEE49F200C9E1B3 /* UIView+Snapshot.swift */ = {isa = PBXFileReference; fileEncoding = 4; lastKnownFileType = sourcecode.swift; path = "UIView+Snapshot.swift"; sourceTree = "<group>"; };
		83BB08181BE7A38500D4173B /* GradientViewController.swift */ = {isa = PBXFileReference; fileEncoding = 4; lastKnownFileType = sourcecode.swift; path = GradientViewController.swift; sourceTree = "<group>"; };
		83BB08191BE7A38500D4173B /* TitleBarView.swift */ = {isa = PBXFileReference; fileEncoding = 4; lastKnownFileType = sourcecode.swift; path = TitleBarView.swift; sourceTree = "<group>"; };
		83C5DF7B1BF5CA9E00A97524 /* ImageView.swift */ = {isa = PBXFileReference; fileEncoding = 4; lastKnownFileType = sourcecode.swift; path = ImageView.swift; sourceTree = "<group>"; };
		83C9C8831C5B4DE000E416D7 /* ReusableCell.swift */ = {isa = PBXFileReference; fileEncoding = 4; lastKnownFileType = sourcecode.swift; path = ReusableCell.swift; sourceTree = "<group>"; };
		83CD8D041C4C97C9006C2852 /* AppDelegate.swift */ = {isa = PBXFileReference; fileEncoding = 4; lastKnownFileType = sourcecode.swift; name = AppDelegate.swift; path = Example/AppDelegate.swift; sourceTree = SOURCE_ROOT; };
		83CD8D051C4C97C9006C2852 /* Info.plist */ = {isa = PBXFileReference; fileEncoding = 4; lastKnownFileType = text.plist.xml; name = Info.plist; path = Example/Info.plist; sourceTree = SOURCE_ROOT; };
		83CD8D061C4C97C9006C2852 /* Launch Screen.storyboard */ = {isa = PBXFileReference; fileEncoding = 4; lastKnownFileType = file.storyboard; name = "Launch Screen.storyboard"; path = "Example/Launch Screen.storyboard"; sourceTree = SOURCE_ROOT; };
		83CD8D071C4C97C9006C2852 /* TextFieldViewController.swift */ = {isa = PBXFileReference; fileEncoding = 4; lastKnownFileType = sourcecode.swift; name = TextFieldViewController.swift; path = Example/TextFieldViewController.swift; sourceTree = SOURCE_ROOT; };
		83DC542A1C4C7DBC00CF23A9 /* KGNUserInterfaceExample.app */ = {isa = PBXFileReference; explicitFileType = wrapper.application; includeInIndex = 0; path = KGNUserInterfaceExample.app; sourceTree = BUILT_PRODUCTS_DIR; };
		83E06D0F1BDDC0E8001C01CF /* UIViewController+Extension.swift */ = {isa = PBXFileReference; fileEncoding = 4; lastKnownFileType = sourcecode.swift; path = "UIViewController+Extension.swift"; sourceTree = "<group>"; };
		83E06D121BDDC151001C01CF /* Style.swift */ = {isa = PBXFileReference; fileEncoding = 4; lastKnownFileType = sourcecode.swift; path = Style.swift; sourceTree = "<group>"; };
		83E06D141BDDC1F7001C01CF /* Button.swift */ = {isa = PBXFileReference; fileEncoding = 4; lastKnownFileType = sourcecode.swift; path = Button.swift; sourceTree = "<group>"; };
		83E06D151BDDC1F7001C01CF /* Label.swift */ = {isa = PBXFileReference; fileEncoding = 4; lastKnownFileType = sourcecode.swift; path = Label.swift; sourceTree = "<group>"; };
		83E06D181BDDC30D001C01CF /* KGNAutoLayout.framework */ = {isa = PBXFileReference; lastKnownFileType = wrapper.framework; name = KGNAutoLayout.framework; path = Carthage/Build/iOS/KGNAutoLayout.framework; sourceTree = "<group>"; };
		83E06D191BDDC30D001C01CF /* KGNColor.framework */ = {isa = PBXFileReference; lastKnownFileType = wrapper.framework; name = KGNColor.framework; path = Carthage/Build/iOS/KGNColor.framework; sourceTree = "<group>"; };
		83E06D1A1BDDC30D001C01CF /* KGNGradientView.framework */ = {isa = PBXFileReference; lastKnownFileType = wrapper.framework; name = KGNGradientView.framework; path = Carthage/Build/iOS/KGNGradientView.framework; sourceTree = "<group>"; };
		83E06D1B1BDDC30E001C01CF /* KGNPreferredFontManager.framework */ = {isa = PBXFileReference; lastKnownFileType = wrapper.framework; name = KGNPreferredFontManager.framework; path = Carthage/Build/iOS/KGNPreferredFontManager.framework; sourceTree = "<group>"; };
		83E06D1C1BDDC30E001C01CF /* NSDateTimeAgo.framework */ = {isa = PBXFileReference; lastKnownFileType = wrapper.framework; name = NSDateTimeAgo.framework; path = Carthage/Build/iOS/NSDateTimeAgo.framework; sourceTree = "<group>"; };
/* End PBXFileReference section */

/* Begin PBXFrameworksBuildPhase section */
		836E69931BCCD3B40089EAB1 /* Frameworks */ = {
			isa = PBXFrameworksBuildPhase;
			buildActionMask = 2147483647;
			files = (
				83E06D1D1BDDC30E001C01CF /* KGNAutoLayout.framework in Frameworks */,
				83E06D1E1BDDC30E001C01CF /* KGNColor.framework in Frameworks */,
				83E06D1F1BDDC30E001C01CF /* KGNGradientView.framework in Frameworks */,
				83E06D201BDDC30E001C01CF /* KGNPreferredFontManager.framework in Frameworks */,
				83E06D211BDDC30E001C01CF /* NSDateTimeAgo.framework in Frameworks */,
			);
			runOnlyForDeploymentPostprocessing = 0;
		};
		836E699E1BCCD3B40089EAB1 /* Frameworks */ = {
			isa = PBXFrameworksBuildPhase;
			buildActionMask = 2147483647;
			files = (
				836E69A21BCCD3B40089EAB1 /* KGNUserInterface.framework in Frameworks */,
				833C2C221BE31C040042C628 /* KGNAutoLayout.framework in Frameworks */,
				833C2C231BE31C040042C628 /* KGNColor.framework in Frameworks */,
				833C2C241BE31C040042C628 /* KGNGradientView.framework in Frameworks */,
				833C2C251BE31C040042C628 /* KGNPreferredFontManager.framework in Frameworks */,
				833C2C261BE31C040042C628 /* NSDateTimeAgo.framework in Frameworks */,
			);
			runOnlyForDeploymentPostprocessing = 0;
		};
		83DC54271C4C7DBC00CF23A9 /* Frameworks */ = {
			isa = PBXFrameworksBuildPhase;
			buildActionMask = 2147483647;
			files = (
				83DC543E1C4C7E9F00CF23A9 /* KGNUserInterface.framework in Frameworks */,
				83DC543F1C4C7EA300CF23A9 /* KGNAutoLayout.framework in Frameworks */,
				83DC54401C4C7EA300CF23A9 /* KGNColor.framework in Frameworks */,
				83DC54411C4C7EA300CF23A9 /* KGNGradientView.framework in Frameworks */,
				83DC54421C4C7EA300CF23A9 /* KGNPreferredFontManager.framework in Frameworks */,
				83DC54431C4C7EA300CF23A9 /* NSDateTimeAgo.framework in Frameworks */,
			);
			runOnlyForDeploymentPostprocessing = 0;
		};
/* End PBXFrameworksBuildPhase section */

/* Begin PBXGroup section */
		836E698D1BCCD3B30089EAB1 = {
			isa = PBXGroup;
			children = (
				6460BC7F1D872ECF001B8720 /* .travis.yml */,
				83DC542B1C4C7DBD00CF23A9 /* Example */,
				836E69991BCCD3B40089EAB1 /* Source */,
				836E69A51BCCD3B40089EAB1 /* Tests */,
				83DC541F1C4C4C8300CF23A9 /* Frameworks */,
				836E69981BCCD3B40089EAB1 /* Products */,
			);
			sourceTree = "<group>";
		};
		836E69981BCCD3B40089EAB1 /* Products */ = {
			isa = PBXGroup;
			children = (
				836E69971BCCD3B40089EAB1 /* KGNUserInterface.framework */,
				836E69A11BCCD3B40089EAB1 /* KGNUserInterfaceTests.xctest */,
				83DC542A1C4C7DBC00CF23A9 /* KGNUserInterfaceExample.app */,
			);
			name = Products;
			sourceTree = "<group>";
		};
		836E69991BCCD3B40089EAB1 /* Source */ = {
			isa = PBXGroup;
			children = (
				83E06D121BDDC151001C01CF /* Style.swift */,
				83BB081E1BE7A62800D4173B /* UIView */,
				83BB081D1BE7A60E00D4173B /* PreferredFontManager */,
				83BB081C1BE7A60200D4173B /* UIViewController */,
				836E699A1BCCD3B40089EAB1 /* KGNUserInterface.h */,
				836E699C1BCCD3B40089EAB1 /* Info.plist */,
			);
			path = Source;
			sourceTree = "<group>";
		};
		836E69A51BCCD3B40089EAB1 /* Tests */ = {
			isa = PBXGroup;
			children = (
				836E69A61BCCD3B40089EAB1 /* KGNUserInterfaceTests.swift */,
				836E69A81BCCD3B40089EAB1 /* Info.plist */,
			);
			path = Tests;
			sourceTree = "<group>";
		};
		83BB081C1BE7A60200D4173B /* UIViewController */ = {
			isa = PBXGroup;
			children = (
				83BB08181BE7A38500D4173B /* GradientViewController.swift */,
				83E06D0F1BDDC0E8001C01CF /* UIViewController+Extension.swift */,
			);
			name = UIViewController;
			sourceTree = "<group>";
		};
		83BB081D1BE7A60E00D4173B /* PreferredFontManager */ = {
			isa = PBXGroup;
			children = (
				83E06D151BDDC1F7001C01CF /* Label.swift */,
				83E06D141BDDC1F7001C01CF /* Button.swift */,
				833C2C201BE3179B0042C628 /* TextField.swift */,
			);
			name = PreferredFontManager;
			sourceTree = "<group>";
		};
		83BB081E1BE7A62800D4173B /* UIView */ = {
			isa = PBXGroup;
			children = (
				64AE570F1DE1796F00078032 /* View.swift */,
				83BB08191BE7A38500D4173B /* TitleBarView.swift */,
				83C5DF7B1BF5CA9E00A97524 /* ImageView.swift */,
				83C9C8831C5B4DE000E416D7 /* ReusableCell.swift */,
				8399B2391BEE49F200C9E1B3 /* UIView+Snapshot.swift */,
			);
			name = UIView;
			sourceTree = "<group>";
		};
		83DC541F1C4C4C8300CF23A9 /* Frameworks */ = {
			isa = PBXGroup;
			children = (
				83E06D181BDDC30D001C01CF /* KGNAutoLayout.framework */,
				83E06D191BDDC30D001C01CF /* KGNColor.framework */,
				83E06D1A1BDDC30D001C01CF /* KGNGradientView.framework */,
				83E06D1B1BDDC30E001C01CF /* KGNPreferredFontManager.framework */,
				83E06D1C1BDDC30E001C01CF /* NSDateTimeAgo.framework */,
			);
			name = Frameworks;
			sourceTree = "<group>";
		};
		83DC542B1C4C7DBD00CF23A9 /* Example */ = {
			isa = PBXGroup;
			children = (
				83CD8D041C4C97C9006C2852 /* AppDelegate.swift */,
				83CD8D071C4C97C9006C2852 /* TextFieldViewController.swift */,
				83CD8D051C4C97C9006C2852 /* Info.plist */,
				83CD8D061C4C97C9006C2852 /* Launch Screen.storyboard */,
			);
			name = Example;
			path = KGNUserInterfaceExample;
			sourceTree = "<group>";
		};
/* End PBXGroup section */

/* Begin PBXHeadersBuildPhase section */
		836E69941BCCD3B40089EAB1 /* Headers */ = {
			isa = PBXHeadersBuildPhase;
			buildActionMask = 2147483647;
			files = (
				836E699B1BCCD3B40089EAB1 /* KGNUserInterface.h in Headers */,
			);
			runOnlyForDeploymentPostprocessing = 0;
		};
/* End PBXHeadersBuildPhase section */

/* Begin PBXNativeTarget section */
		836E69961BCCD3B40089EAB1 /* KGNUserInterface */ = {
			isa = PBXNativeTarget;
			buildConfigurationList = 836E69AB1BCCD3B40089EAB1 /* Build configuration list for PBXNativeTarget "KGNUserInterface" */;
			buildPhases = (
				836E69921BCCD3B40089EAB1 /* Sources */,
				836E69931BCCD3B40089EAB1 /* Frameworks */,
				836E69941BCCD3B40089EAB1 /* Headers */,
				836E69951BCCD3B40089EAB1 /* Resources */,
			);
			buildRules = (
			);
			dependencies = (
			);
			name = KGNUserInterface;
			productName = KGNUserInterface;
			productReference = 836E69971BCCD3B40089EAB1 /* KGNUserInterface.framework */;
			productType = "com.apple.product-type.framework";
		};
		836E69A01BCCD3B40089EAB1 /* KGNUserInterfaceTests */ = {
			isa = PBXNativeTarget;
			buildConfigurationList = 836E69AE1BCCD3B40089EAB1 /* Build configuration list for PBXNativeTarget "KGNUserInterfaceTests" */;
			buildPhases = (
				836E699D1BCCD3B40089EAB1 /* Sources */,
				836E699E1BCCD3B40089EAB1 /* Frameworks */,
				836E699F1BCCD3B40089EAB1 /* Resources */,
				83DC54201C4C4F0E00CF23A9 /* Copy Frameworks */,
			);
			buildRules = (
			);
			dependencies = (
				836E69A41BCCD3B40089EAB1 /* PBXTargetDependency */,
			);
			name = KGNUserInterfaceTests;
			productName = KGNUserInterfaceTests;
			productReference = 836E69A11BCCD3B40089EAB1 /* KGNUserInterfaceTests.xctest */;
			productType = "com.apple.product-type.bundle.unit-test";
		};
		83DC54291C4C7DBC00CF23A9 /* KGNUserInterfaceExample */ = {
			isa = PBXNativeTarget;
			buildConfigurationList = 83DC54391C4C7DBD00CF23A9 /* Build configuration list for PBXNativeTarget "KGNUserInterfaceExample" */;
			buildPhases = (
				83DC54261C4C7DBC00CF23A9 /* Sources */,
				83DC54271C4C7DBC00CF23A9 /* Frameworks */,
				83DC54281C4C7DBC00CF23A9 /* Resources */,
				839F08B41C4C9B6E00617E36 /* ShellScript */,
				839F08B51C4C9C1C00617E36 /* Embed Frameworks */,
			);
			buildRules = (
			);
			dependencies = (
				83DC543D1C4C7E9800CF23A9 /* PBXTargetDependency */,
			);
			name = KGNUserInterfaceExample;
			productName = KGNUserInterfaceExample;
			productReference = 83DC542A1C4C7DBC00CF23A9 /* KGNUserInterfaceExample.app */;
			productType = "com.apple.product-type.application";
		};
/* End PBXNativeTarget section */

/* Begin PBXProject section */
		836E698E1BCCD3B30089EAB1 /* Project object */ = {
			isa = PBXProject;
			attributes = {
				LastSwiftUpdateCheck = 0730;
				LastUpgradeCheck = 0810;
				ORGANIZATIONNAME = "David Keegan";
				TargetAttributes = {
					836E69961BCCD3B40089EAB1 = {
						CreatedOnToolsVersion = 7.0.1;
						LastSwiftMigration = 0830;
					};
					836E69A01BCCD3B40089EAB1 = {
						CreatedOnToolsVersion = 7.0.1;
						LastSwiftMigration = 0800;
					};
					83DC54291C4C7DBC00CF23A9 = {
						CreatedOnToolsVersion = 7.2;
						DevelopmentTeam = T3DCX7XWL8;
						LastSwiftMigration = 0830;
					};
				};
			};
			buildConfigurationList = 836E69911BCCD3B30089EAB1 /* Build configuration list for PBXProject "KGNUserInterface" */;
			compatibilityVersion = "Xcode 3.2";
			developmentRegion = English;
			hasScannedForEncodings = 0;
			knownRegions = (
				en,
				Base,
			);
			mainGroup = 836E698D1BCCD3B30089EAB1;
			productRefGroup = 836E69981BCCD3B40089EAB1 /* Products */;
			projectDirPath = "";
			projectRoot = "";
			targets = (
				836E69961BCCD3B40089EAB1 /* KGNUserInterface */,
				836E69A01BCCD3B40089EAB1 /* KGNUserInterfaceTests */,
				83DC54291C4C7DBC00CF23A9 /* KGNUserInterfaceExample */,
			);
		};
/* End PBXProject section */

/* Begin PBXResourcesBuildPhase section */
		836E69951BCCD3B40089EAB1 /* Resources */ = {
			isa = PBXResourcesBuildPhase;
			buildActionMask = 2147483647;
			files = (
			);
			runOnlyForDeploymentPostprocessing = 0;
		};
		836E699F1BCCD3B40089EAB1 /* Resources */ = {
			isa = PBXResourcesBuildPhase;
			buildActionMask = 2147483647;
			files = (
			);
			runOnlyForDeploymentPostprocessing = 0;
		};
		83DC54281C4C7DBC00CF23A9 /* Resources */ = {
			isa = PBXResourcesBuildPhase;
			buildActionMask = 2147483647;
			files = (
				83CD8D0A1C4C97C9006C2852 /* Launch Screen.storyboard in Resources */,
			);
			runOnlyForDeploymentPostprocessing = 0;
		};
/* End PBXResourcesBuildPhase section */

/* Begin PBXShellScriptBuildPhase section */
		839F08B41C4C9B6E00617E36 /* ShellScript */ = {
			isa = PBXShellScriptBuildPhase;
			buildActionMask = 2147483647;
			files = (
			);
			inputPaths = (
				"$(SRCROOT)/Carthage/Build/iOS/KGNAutoLayout.framework",
				"$(SRCROOT)/Carthage/Build/iOS/KGNColor.framework",
				"$(SRCROOT)/Carthage/Build/iOS/NSDateTimeAgo.framework",
				"$(SRCROOT)/Carthage/Build/iOS/KGNPreferredFontManager.framework",
				"$(SRCROOT)/Carthage/Build/iOS/KGNGradientView.framework",
			);
			outputPaths = (
			);
			runOnlyForDeploymentPostprocessing = 0;
			shellPath = /bin/sh;
			shellScript = "/usr/local/bin/carthage copy-frameworks";
		};
/* End PBXShellScriptBuildPhase section */

/* Begin PBXSourcesBuildPhase section */
		836E69921BCCD3B40089EAB1 /* Sources */ = {
			isa = PBXSourcesBuildPhase;
			buildActionMask = 2147483647;
			files = (
				83C9C8841C5B4DE000E416D7 /* ReusableCell.swift in Sources */,
				83E06D131BDDC151001C01CF /* Style.swift in Sources */,
				83E06D161BDDC1F7001C01CF /* Button.swift in Sources */,
				83BB081A1BE7A38500D4173B /* GradientViewController.swift in Sources */,
				83C5DF7C1BF5CA9F00A97524 /* ImageView.swift in Sources */,
				83E06D171BDDC1F7001C01CF /* Label.swift in Sources */,
				8399B23A1BEE49F200C9E1B3 /* UIView+Snapshot.swift in Sources */,
				833C2C211BE3179B0042C628 /* TextField.swift in Sources */,
				83E06D111BDDC0E8001C01CF /* UIViewController+Extension.swift in Sources */,
				64AE57101DE1796F00078032 /* View.swift in Sources */,
				83BB081B1BE7A38500D4173B /* TitleBarView.swift in Sources */,
			);
			runOnlyForDeploymentPostprocessing = 0;
		};
		836E699D1BCCD3B40089EAB1 /* Sources */ = {
			isa = PBXSourcesBuildPhase;
			buildActionMask = 2147483647;
			files = (
				836E69A71BCCD3B40089EAB1 /* KGNUserInterfaceTests.swift in Sources */,
			);
			runOnlyForDeploymentPostprocessing = 0;
		};
		83DC54261C4C7DBC00CF23A9 /* Sources */ = {
			isa = PBXSourcesBuildPhase;
			buildActionMask = 2147483647;
			files = (
				83CD8D0B1C4C97C9006C2852 /* TextFieldViewController.swift in Sources */,
				83CD8D081C4C97C9006C2852 /* AppDelegate.swift in Sources */,
			);
			runOnlyForDeploymentPostprocessing = 0;
		};
/* End PBXSourcesBuildPhase section */

/* Begin PBXTargetDependency section */
		836E69A41BCCD3B40089EAB1 /* PBXTargetDependency */ = {
			isa = PBXTargetDependency;
			target = 836E69961BCCD3B40089EAB1 /* KGNUserInterface */;
			targetProxy = 836E69A31BCCD3B40089EAB1 /* PBXContainerItemProxy */;
		};
		83DC543D1C4C7E9800CF23A9 /* PBXTargetDependency */ = {
			isa = PBXTargetDependency;
			target = 836E69961BCCD3B40089EAB1 /* KGNUserInterface */;
			targetProxy = 83DC543C1C4C7E9800CF23A9 /* PBXContainerItemProxy */;
		};
/* End PBXTargetDependency section */

/* Begin XCBuildConfiguration section */
		836E69A91BCCD3B40089EAB1 /* Debug */ = {
			isa = XCBuildConfiguration;
			buildSettings = {
				ALWAYS_SEARCH_USER_PATHS = NO;
				CLANG_CXX_LANGUAGE_STANDARD = "gnu++0x";
				CLANG_CXX_LIBRARY = "libc++";
				CLANG_ENABLE_MODULES = YES;
				CLANG_ENABLE_OBJC_ARC = YES;
				CLANG_WARN_BOOL_CONVERSION = YES;
				CLANG_WARN_CONSTANT_CONVERSION = YES;
				CLANG_WARN_DIRECT_OBJC_ISA_USAGE = YES_ERROR;
				CLANG_WARN_EMPTY_BODY = YES;
				CLANG_WARN_ENUM_CONVERSION = YES;
				CLANG_WARN_INFINITE_RECURSION = YES;
				CLANG_WARN_INT_CONVERSION = YES;
				CLANG_WARN_OBJC_ROOT_CLASS = YES_ERROR;
				CLANG_WARN_SUSPICIOUS_MOVE = YES;
				CLANG_WARN_UNREACHABLE_CODE = YES;
				CLANG_WARN__DUPLICATE_METHOD_MATCH = YES;
				"CODE_SIGN_IDENTITY[sdk=iphoneos*]" = "iPhone Developer";
				COPY_PHASE_STRIP = NO;
				CURRENT_PROJECT_VERSION = 1;
				DEBUG_INFORMATION_FORMAT = dwarf;
				ENABLE_STRICT_OBJC_MSGSEND = YES;
				ENABLE_TESTABILITY = YES;
				GCC_C_LANGUAGE_STANDARD = gnu99;
				GCC_DYNAMIC_NO_PIC = NO;
				GCC_NO_COMMON_BLOCKS = YES;
				GCC_OPTIMIZATION_LEVEL = 0;
				GCC_PREPROCESSOR_DEFINITIONS = (
					"DEBUG=1",
					"$(inherited)",
				);
				GCC_WARN_64_TO_32_BIT_CONVERSION = YES;
				GCC_WARN_ABOUT_RETURN_TYPE = YES_ERROR;
				GCC_WARN_UNDECLARED_SELECTOR = YES;
				GCC_WARN_UNINITIALIZED_AUTOS = YES_AGGRESSIVE;
				GCC_WARN_UNUSED_FUNCTION = YES;
				GCC_WARN_UNUSED_VARIABLE = YES;
				IPHONEOS_DEPLOYMENT_TARGET = 9.0;
				MTL_ENABLE_DEBUG_INFO = YES;
				ONLY_ACTIVE_ARCH = YES;
				SDKROOT = iphoneos;
				SWIFT_OPTIMIZATION_LEVEL = "-Onone";
				TARGETED_DEVICE_FAMILY = "1,2";
				VERSIONING_SYSTEM = "apple-generic";
				VERSION_INFO_PREFIX = "";
			};
			name = Debug;
		};
		836E69AA1BCCD3B40089EAB1 /* Release */ = {
			isa = XCBuildConfiguration;
			buildSettings = {
				ALWAYS_SEARCH_USER_PATHS = NO;
				CLANG_CXX_LANGUAGE_STANDARD = "gnu++0x";
				CLANG_CXX_LIBRARY = "libc++";
				CLANG_ENABLE_MODULES = YES;
				CLANG_ENABLE_OBJC_ARC = YES;
				CLANG_WARN_BOOL_CONVERSION = YES;
				CLANG_WARN_CONSTANT_CONVERSION = YES;
				CLANG_WARN_DIRECT_OBJC_ISA_USAGE = YES_ERROR;
				CLANG_WARN_EMPTY_BODY = YES;
				CLANG_WARN_ENUM_CONVERSION = YES;
				CLANG_WARN_INFINITE_RECURSION = YES;
				CLANG_WARN_INT_CONVERSION = YES;
				CLANG_WARN_OBJC_ROOT_CLASS = YES_ERROR;
				CLANG_WARN_SUSPICIOUS_MOVE = YES;
				CLANG_WARN_UNREACHABLE_CODE = YES;
				CLANG_WARN__DUPLICATE_METHOD_MATCH = YES;
				"CODE_SIGN_IDENTITY[sdk=iphoneos*]" = "iPhone Developer";
				COPY_PHASE_STRIP = NO;
				CURRENT_PROJECT_VERSION = 1;
				DEBUG_INFORMATION_FORMAT = "dwarf-with-dsym";
				ENABLE_NS_ASSERTIONS = NO;
				ENABLE_STRICT_OBJC_MSGSEND = YES;
				GCC_C_LANGUAGE_STANDARD = gnu99;
				GCC_NO_COMMON_BLOCKS = YES;
				GCC_WARN_64_TO_32_BIT_CONVERSION = YES;
				GCC_WARN_ABOUT_RETURN_TYPE = YES_ERROR;
				GCC_WARN_UNDECLARED_SELECTOR = YES;
				GCC_WARN_UNINITIALIZED_AUTOS = YES_AGGRESSIVE;
				GCC_WARN_UNUSED_FUNCTION = YES;
				GCC_WARN_UNUSED_VARIABLE = YES;
				IPHONEOS_DEPLOYMENT_TARGET = 9.0;
				MTL_ENABLE_DEBUG_INFO = NO;
				SDKROOT = iphoneos;
				TARGETED_DEVICE_FAMILY = "1,2";
				VALIDATE_PRODUCT = YES;
				VERSIONING_SYSTEM = "apple-generic";
				VERSION_INFO_PREFIX = "";
			};
			name = Release;
		};
		836E69AC1BCCD3B40089EAB1 /* Debug */ = {
			isa = XCBuildConfiguration;
			buildSettings = {
				APPLICATION_EXTENSION_API_ONLY = YES;
				CLANG_ENABLE_MODULES = YES;
				"CODE_SIGN_IDENTITY[sdk=iphoneos*]" = "";
				DEFINES_MODULE = YES;
				DYLIB_COMPATIBILITY_VERSION = 1;
				DYLIB_CURRENT_VERSION = 1;
				DYLIB_INSTALL_NAME_BASE = "@rpath";
				FRAMEWORK_SEARCH_PATHS = (
					"$(inherited)",
					"$(PROJECT_DIR)/Carthage/Build/iOS",
				);
				INFOPLIST_FILE = Source/Info.plist;
				INSTALL_PATH = "$(LOCAL_LIBRARY_DIR)/Frameworks";
				IPHONEOS_DEPLOYMENT_TARGET = 8.0;
				LD_RUNPATH_SEARCH_PATHS = "$(inherited) @executable_path/Frameworks @loader_path/Frameworks";
				PRODUCT_BUNDLE_IDENTIFIER = com.davidkeegan.KGNUserInterface;
				PRODUCT_NAME = "$(TARGET_NAME)";
				SKIP_INSTALL = YES;
				SWIFT_OPTIMIZATION_LEVEL = "-Onone";
				SWIFT_VERSION = 3.0;
			};
			name = Debug;
		};
		836E69AD1BCCD3B40089EAB1 /* Release */ = {
			isa = XCBuildConfiguration;
			buildSettings = {
				APPLICATION_EXTENSION_API_ONLY = YES;
				CLANG_ENABLE_MODULES = YES;
				"CODE_SIGN_IDENTITY[sdk=iphoneos*]" = "";
				DEFINES_MODULE = YES;
				DYLIB_COMPATIBILITY_VERSION = 1;
				DYLIB_CURRENT_VERSION = 1;
				DYLIB_INSTALL_NAME_BASE = "@rpath";
				FRAMEWORK_SEARCH_PATHS = (
					"$(inherited)",
					"$(PROJECT_DIR)/Carthage/Build/iOS",
				);
				INFOPLIST_FILE = Source/Info.plist;
				INSTALL_PATH = "$(LOCAL_LIBRARY_DIR)/Frameworks";
				IPHONEOS_DEPLOYMENT_TARGET = 8.0;
				LD_RUNPATH_SEARCH_PATHS = "$(inherited) @executable_path/Frameworks @loader_path/Frameworks";
				PRODUCT_BUNDLE_IDENTIFIER = com.davidkeegan.KGNUserInterface;
				PRODUCT_NAME = "$(TARGET_NAME)";
				SKIP_INSTALL = YES;
				SWIFT_OPTIMIZATION_LEVEL = "-Owholemodule";
				SWIFT_VERSION = 3.0;
			};
			name = Release;
		};
		836E69AF1BCCD3B40089EAB1 /* Debug */ = {
			isa = XCBuildConfiguration;
			buildSettings = {
				FRAMEWORK_SEARCH_PATHS = (
					"$(inherited)",
					"$(PROJECT_DIR)/Carthage/Build/iOS",
				);
				INFOPLIST_FILE = Tests/Info.plist;
				LD_RUNPATH_SEARCH_PATHS = "$(inherited) @executable_path/Frameworks @loader_path/Frameworks";
				PRODUCT_BUNDLE_IDENTIFIER = com.davidkeegan.KGNUserInterfaceTests;
				PRODUCT_NAME = "$(TARGET_NAME)";
				SWIFT_VERSION = 3.0;
			};
			name = Debug;
		};
		836E69B01BCCD3B40089EAB1 /* Release */ = {
			isa = XCBuildConfiguration;
			buildSettings = {
				FRAMEWORK_SEARCH_PATHS = (
					"$(inherited)",
					"$(PROJECT_DIR)/Carthage/Build/iOS",
				);
				INFOPLIST_FILE = Tests/Info.plist;
				LD_RUNPATH_SEARCH_PATHS = "$(inherited) @executable_path/Frameworks @loader_path/Frameworks";
				PRODUCT_BUNDLE_IDENTIFIER = com.davidkeegan.KGNUserInterfaceTests;
				PRODUCT_NAME = "$(TARGET_NAME)";
				SWIFT_OPTIMIZATION_LEVEL = "-Owholemodule";
				SWIFT_VERSION = 3.0;
			};
			name = Release;
		};
		83DC543A1C4C7DBD00CF23A9 /* Debug */ = {
			isa = XCBuildConfiguration;
			buildSettings = {
				CLANG_ENABLE_MODULES = YES;
				DEVELOPMENT_TEAM = T3DCX7XWL8;
				FRAMEWORK_SEARCH_PATHS = (
					"$(inherited)",
					"$(PROJECT_DIR)/Carthage/Build/iOS",
				);
				INFOPLIST_FILE = Example/Info.plist;
				IPHONEOS_DEPLOYMENT_TARGET = 9.2;
				LD_RUNPATH_SEARCH_PATHS = "$(inherited) @executable_path/Frameworks";
				PRODUCT_BUNDLE_IDENTIFIER = com.davidkeegan.KGNUserInterfaceExample;
				PRODUCT_NAME = "$(TARGET_NAME)";
				SWIFT_OPTIMIZATION_LEVEL = "-Onone";
				SWIFT_VERSION = 3.0;
			};
			name = Debug;
		};
		83DC543B1C4C7DBD00CF23A9 /* Release */ = {
			isa = XCBuildConfiguration;
			buildSettings = {
				CLANG_ENABLE_MODULES = YES;
				DEVELOPMENT_TEAM = T3DCX7XWL8;
				FRAMEWORK_SEARCH_PATHS = (
					"$(inherited)",
					"$(PROJECT_DIR)/Carthage/Build/iOS",
				);
				INFOPLIST_FILE = Example/Info.plist;
				IPHONEOS_DEPLOYMENT_TARGET = 9.2;
				LD_RUNPATH_SEARCH_PATHS = "$(inherited) @executable_path/Frameworks";
				PRODUCT_BUNDLE_IDENTIFIER = com.davidkeegan.KGNUserInterfaceExample;
				PRODUCT_NAME = "$(TARGET_NAME)";
				SWIFT_OPTIMIZATION_LEVEL = "-Owholemodule";
				SWIFT_VERSION = 3.0;
			};
			name = Release;
		};
/* End XCBuildConfiguration section */

/* Begin XCConfigurationList section */
		836E69911BCCD3B30089EAB1 /* Build configuration list for PBXProject "KGNUserInterface" */ = {
			isa = XCConfigurationList;
			buildConfigurations = (
				836E69A91BCCD3B40089EAB1 /* Debug */,
				836E69AA1BCCD3B40089EAB1 /* Release */,
			);
			defaultConfigurationIsVisible = 0;
			defaultConfigurationName = Release;
		};
		836E69AB1BCCD3B40089EAB1 /* Build configuration list for PBXNativeTarget "KGNUserInterface" */ = {
			isa = XCConfigurationList;
			buildConfigurations = (
				836E69AC1BCCD3B40089EAB1 /* Debug */,
				836E69AD1BCCD3B40089EAB1 /* Release */,
			);
			defaultConfigurationIsVisible = 0;
			defaultConfigurationName = Release;
		};
		836E69AE1BCCD3B40089EAB1 /* Build configuration list for PBXNativeTarget "KGNUserInterfaceTests" */ = {
			isa = XCConfigurationList;
			buildConfigurations = (
				836E69AF1BCCD3B40089EAB1 /* Debug */,
				836E69B01BCCD3B40089EAB1 /* Release */,
			);
			defaultConfigurationIsVisible = 0;
			defaultConfigurationName = Release;
		};
		83DC54391C4C7DBD00CF23A9 /* Build configuration list for PBXNativeTarget "KGNUserInterfaceExample" */ = {
			isa = XCConfigurationList;
			buildConfigurations = (
				83DC543A1C4C7DBD00CF23A9 /* Debug */,
				83DC543B1C4C7DBD00CF23A9 /* Release */,
			);
			defaultConfigurationIsVisible = 0;
			defaultConfigurationName = Release;
		};
/* End XCConfigurationList section */
	};
	rootObject = 836E698E1BCCD3B30089EAB1 /* Project object */;
}
